
Microsoft Visual Studio Solution File, Format Version 12.00
# Visual Studio Version 16
VisualStudioVersion = 16.0.31911.196
MinimumVisualStudioVersion = 10.0.40219.1
Project("{FAE04EC0-301F-11D3-BF4B-00C04F79EFBC}") = "zad7_I", "zad7_I.csproj", "{B2BFD06B-3296-4BC6-B068-732BA212A420}"
EndProject
Global
	GlobalSection(SolutionConfigurationPlatforms) = preSolution
		Debug|Any CPU = Debug|Any CPU
		Release|Any CPU = Release|Any CPU
	EndGlobalSection
	GlobalSection(ProjectConfigurationPlatforms) = postSolution
		{B2BFD06B-3296-4BC6-B068-732BA212A420}.Debug|Any CPU.ActiveCfg = Debug|Any CPU
		{B2BFD06B-3296-4BC6-B068-732BA212A420}.Debug|Any CPU.Build.0 = Debug|Any CPU
		{B2BFD06B-3296-4BC6-B068-732BA212A420}.Release|Any CPU.ActiveCfg = Release|Any CPU
		{B2BFD06B-3296-4BC6-B068-732BA212A420}.Release|Any CPU.Build.0 = Release|Any CPU
	EndGlobalSection
	GlobalSection(SolutionProperties) = preSolution
		HideSolutionNode = FALSE
	EndGlobalSection
	GlobalSection(ExtensibilityGlobals) = postSolution
		SolutionGuid = {01C1B06D-DBBC-4BF5-A9FC-5E8634ED7884}
	EndGlobalSection
EndGlobal
