
Microsoft Visual Studio Solution File, Format Version 12.00
# Visual Studio Version 16
VisualStudioVersion = 16.0.31729.503
MinimumVisualStudioVersion = 10.0.40219.1
Project("{FAE04EC0-301F-11D3-BF4B-00C04F79EFBC}") = "zad5_I", "zad5_I.csproj", "{53D74BC7-DC6E-409C-8189-C88A558B631D}"
EndProject
Global
	GlobalSection(SolutionConfigurationPlatforms) = preSolution
		Debug|Any CPU = Debug|Any CPU
		Release|Any CPU = Release|Any CPU
	EndGlobalSection
	GlobalSection(ProjectConfigurationPlatforms) = postSolution
		{53D74BC7-DC6E-409C-8189-C88A558B631D}.Debug|Any CPU.ActiveCfg = Debug|Any CPU
		{53D74BC7-DC6E-409C-8189-C88A558B631D}.Debug|Any CPU.Build.0 = Debug|Any CPU
		{53D74BC7-DC6E-409C-8189-C88A558B631D}.Release|Any CPU.ActiveCfg = Release|Any CPU
		{53D74BC7-DC6E-409C-8189-C88A558B631D}.Release|Any CPU.Build.0 = Release|Any CPU
	EndGlobalSection
	GlobalSection(SolutionProperties) = preSolution
		HideSolutionNode = FALSE
	EndGlobalSection
	GlobalSection(ExtensibilityGlobals) = postSolution
		SolutionGuid = {95675948-BD0D-449C-98A3-A23DADBE415E}
	EndGlobalSection
EndGlobal
