
Microsoft Visual Studio Solution File, Format Version 12.00
# Visual Studio Version 16
VisualStudioVersion = 16.0.31729.503
MinimumVisualStudioVersion = 10.0.40219.1
Project("{FAE04EC0-301F-11D3-BF4B-00C04F79EFBC}") = "zad6_I_b", "zad6_I_b.csproj", "{195A98AE-ED63-4E0A-8E79-2F119018C6F2}"
EndProject
Global
	GlobalSection(SolutionConfigurationPlatforms) = preSolution
		Debug|Any CPU = Debug|Any CPU
		Release|Any CPU = Release|Any CPU
	EndGlobalSection
	GlobalSection(ProjectConfigurationPlatforms) = postSolution
		{195A98AE-ED63-4E0A-8E79-2F119018C6F2}.Debug|Any CPU.ActiveCfg = Debug|Any CPU
		{195A98AE-ED63-4E0A-8E79-2F119018C6F2}.Debug|Any CPU.Build.0 = Debug|Any CPU
		{195A98AE-ED63-4E0A-8E79-2F119018C6F2}.Release|Any CPU.ActiveCfg = Release|Any CPU
		{195A98AE-ED63-4E0A-8E79-2F119018C6F2}.Release|Any CPU.Build.0 = Release|Any CPU
	EndGlobalSection
	GlobalSection(SolutionProperties) = preSolution
		HideSolutionNode = FALSE
	EndGlobalSection
	GlobalSection(ExtensibilityGlobals) = postSolution
		SolutionGuid = {3AFB7DAF-49E5-4787-80E5-D549371A7716}
	EndGlobalSection
EndGlobal
