
Microsoft Visual Studio Solution File, Format Version 12.00
# Visual Studio Version 16
VisualStudioVersion = 16.0.31729.503
MinimumVisualStudioVersion = 10.0.40219.1
Project("{FAE04EC0-301F-11D3-BF4B-00C04F79EFBC}") = "2zadII", "2zadII.csproj", "{581E9BD8-CC83-4216-BE1E-9759C8DE5003}"
EndProject
Global
	GlobalSection(SolutionConfigurationPlatforms) = preSolution
		Debug|Any CPU = Debug|Any CPU
		Release|Any CPU = Release|Any CPU
	EndGlobalSection
	GlobalSection(ProjectConfigurationPlatforms) = postSolution
		{581E9BD8-CC83-4216-BE1E-9759C8DE5003}.Debug|Any CPU.ActiveCfg = Debug|Any CPU
		{581E9BD8-CC83-4216-BE1E-9759C8DE5003}.Debug|Any CPU.Build.0 = Debug|Any CPU
		{581E9BD8-CC83-4216-BE1E-9759C8DE5003}.Release|Any CPU.ActiveCfg = Release|Any CPU
		{581E9BD8-CC83-4216-BE1E-9759C8DE5003}.Release|Any CPU.Build.0 = Release|Any CPU
	EndGlobalSection
	GlobalSection(SolutionProperties) = preSolution
		HideSolutionNode = FALSE
	EndGlobalSection
	GlobalSection(ExtensibilityGlobals) = postSolution
		SolutionGuid = {CBE07CEE-8E03-46DA-AA2F-B3AAD7D47266}
	EndGlobalSection
EndGlobal
